// !$*UTF8*$!
{
	archiveVersion = 1;
	classes = {
	};
	objectVersion = 51;
	objects = {

/* Begin PBXBuildFile section */
		2561E1272522667700992979 /* User.swift in Sources */ = {isa = PBXBuildFile; fileRef = 2561E1262522667700992979 /* User.swift */; };
		2561E12F2522668900992979 /* JSONBin.swift in Sources */ = {isa = PBXBuildFile; fileRef = 2561E12E2522668900992979 /* JSONBin.swift */; };
		25F2DC2325218FEA003274BE /* Hind-Regular.ttf in Resources */ = {isa = PBXBuildFile; fileRef = 25F2DC2225218FEA003274BE /* Hind-Regular.ttf */; };
		25F2DC2825218FF8003274BE /* Montserrat-Regular.ttf in Resources */ = {isa = PBXBuildFile; fileRef = 25F2DC2725218FF8003274BE /* Montserrat-Regular.ttf */; };
		25F2DC2D252190B6003274BE /* CustomFonts.swift in Sources */ = {isa = PBXBuildFile; fileRef = 25F2DC2C252190B6003274BE /* CustomFonts.swift */; };
		25F2DC342521969C003274BE /* OnBoardingView.swift in Sources */ = {isa = PBXBuildFile; fileRef = 25F2DC332521969C003274BE /* OnBoardingView.swift */; };
		25F2DC3925219790003274BE /* TextBoxUsername.swift in Sources */ = {isa = PBXBuildFile; fileRef = 25F2DC3825219790003274BE /* TextBoxUsername.swift */; };
		25F6D0B9252186BF00C922B3 /* WishLishtApp.swift in Sources */ = {isa = PBXBuildFile; fileRef = 25F6D0B8252186BF00C922B3 /* WishLishtApp.swift */; };
		25F6D0BB252186BF00C922B3 /* ContentView.swift in Sources */ = {isa = PBXBuildFile; fileRef = 25F6D0BA252186BF00C922B3 /* ContentView.swift */; };
		25F6D0BD252186C100C922B3 /* Assets.xcassets in Resources */ = {isa = PBXBuildFile; fileRef = 25F6D0BC252186C100C922B3 /* Assets.xcassets */; };
		25F6D0C0252186C100C922B3 /* Preview Assets.xcassets in Resources */ = {isa = PBXBuildFile; fileRef = 25F6D0BF252186C100C922B3 /* Preview Assets.xcassets */; };
		25F6D0CB252186C100C922B3 /* WishLishtTests.swift in Sources */ = {isa = PBXBuildFile; fileRef = 25F6D0CA252186C100C922B3 /* WishLishtTests.swift */; };
		25F6D0D6252186C100C922B3 /* WishLishtUITests.swift in Sources */ = {isa = PBXBuildFile; fileRef = 25F6D0D5252186C100C922B3 /* WishLishtUITests.swift */; };
		25F6D0E7252188F700C922B3 /* Colors.swift in Sources */ = {isa = PBXBuildFile; fileRef = 25F6D0E6252188F700C922B3 /* Colors.swift */; };
		3D9DBF15E2BF8DB00B24E358 /* Pods_WishLisht.framework in Frameworks */ = {isa = PBXBuildFile; fileRef = 293DCF8261C24AE22EF81286 /* Pods_WishLisht.framework */; };
		563E06E27C5B63BDCA770583 /* Pods_WishLishtTests.framework in Frameworks */ = {isa = PBXBuildFile; fileRef = CF16DD48CDAD0EC367A7B7BE /* Pods_WishLishtTests.framework */; };
		E962CD16A6F5991B7E670BA3 /* Pods_WishLisht_WishLishtUITests.framework in Frameworks */ = {isa = PBXBuildFile; fileRef = 967563AEE97AF87A722B6764 /* Pods_WishLisht_WishLishtUITests.framework */; };
/* End PBXBuildFile section */

/* Begin PBXContainerItemProxy section */
		25F6D0C7252186C100C922B3 /* PBXContainerItemProxy */ = {
			isa = PBXContainerItemProxy;
			containerPortal = 25F6D0AD252186BF00C922B3 /* Project object */;
			proxyType = 1;
			remoteGlobalIDString = 25F6D0B4252186BF00C922B3;
			remoteInfo = WishLisht;
		};
		25F6D0D2252186C100C922B3 /* PBXContainerItemProxy */ = {
			isa = PBXContainerItemProxy;
			containerPortal = 25F6D0AD252186BF00C922B3 /* Project object */;
			proxyType = 1;
			remoteGlobalIDString = 25F6D0B4252186BF00C922B3;
			remoteInfo = WishLisht;
		};
/* End PBXContainerItemProxy section */

/* Begin PBXFileReference section */
		2561E1262522667700992979 /* User.swift */ = {isa = PBXFileReference; lastKnownFileType = sourcecode.swift; path = User.swift; sourceTree = "<group>"; };
		2561E12E2522668900992979 /* JSONBin.swift */ = {isa = PBXFileReference; lastKnownFileType = sourcecode.swift; path = JSONBin.swift; sourceTree = "<group>"; };
		25F2DC2225218FEA003274BE /* Hind-Regular.ttf */ = {isa = PBXFileReference; lastKnownFileType = file; path = "Hind-Regular.ttf"; sourceTree = "<group>"; };
		25F2DC2725218FF8003274BE /* Montserrat-Regular.ttf */ = {isa = PBXFileReference; lastKnownFileType = file; path = "Montserrat-Regular.ttf"; sourceTree = "<group>"; };
		25F2DC2C252190B6003274BE /* CustomFonts.swift */ = {isa = PBXFileReference; lastKnownFileType = sourcecode.swift; path = CustomFonts.swift; sourceTree = "<group>"; };
		25F2DC332521969C003274BE /* OnBoardingView.swift */ = {isa = PBXFileReference; lastKnownFileType = sourcecode.swift; path = OnBoardingView.swift; sourceTree = "<group>"; };
		25F2DC3825219790003274BE /* TextBoxUsername.swift */ = {isa = PBXFileReference; lastKnownFileType = sourcecode.swift; path = TextBoxUsername.swift; sourceTree = "<group>"; };
		25F6D0B5252186BF00C922B3 /* WishLisht.app */ = {isa = PBXFileReference; explicitFileType = wrapper.application; includeInIndex = 0; path = WishLisht.app; sourceTree = BUILT_PRODUCTS_DIR; };
		25F6D0B8252186BF00C922B3 /* WishLishtApp.swift */ = {isa = PBXFileReference; lastKnownFileType = sourcecode.swift; path = WishLishtApp.swift; sourceTree = "<group>"; };
		25F6D0BA252186BF00C922B3 /* ContentView.swift */ = {isa = PBXFileReference; lastKnownFileType = sourcecode.swift; path = ContentView.swift; sourceTree = "<group>"; };
		25F6D0BC252186C100C922B3 /* Assets.xcassets */ = {isa = PBXFileReference; lastKnownFileType = folder.assetcatalog; path = Assets.xcassets; sourceTree = "<group>"; };
		25F6D0BF252186C100C922B3 /* Preview Assets.xcassets */ = {isa = PBXFileReference; lastKnownFileType = folder.assetcatalog; path = "Preview Assets.xcassets"; sourceTree = "<group>"; };
		25F6D0C1252186C100C922B3 /* Info.plist */ = {isa = PBXFileReference; lastKnownFileType = text.plist.xml; path = Info.plist; sourceTree = "<group>"; };
		25F6D0C6252186C100C922B3 /* WishLishtTests.xctest */ = {isa = PBXFileReference; explicitFileType = wrapper.cfbundle; includeInIndex = 0; path = WishLishtTests.xctest; sourceTree = BUILT_PRODUCTS_DIR; };
		25F6D0CA252186C100C922B3 /* WishLishtTests.swift */ = {isa = PBXFileReference; lastKnownFileType = sourcecode.swift; path = WishLishtTests.swift; sourceTree = "<group>"; };
		25F6D0CC252186C100C922B3 /* Info.plist */ = {isa = PBXFileReference; lastKnownFileType = text.plist.xml; path = Info.plist; sourceTree = "<group>"; };
		25F6D0D1252186C100C922B3 /* WishLishtUITests.xctest */ = {isa = PBXFileReference; explicitFileType = wrapper.cfbundle; includeInIndex = 0; path = WishLishtUITests.xctest; sourceTree = BUILT_PRODUCTS_DIR; };
		25F6D0D5252186C100C922B3 /* WishLishtUITests.swift */ = {isa = PBXFileReference; lastKnownFileType = sourcecode.swift; path = WishLishtUITests.swift; sourceTree = "<group>"; };
		25F6D0D7252186C100C922B3 /* Info.plist */ = {isa = PBXFileReference; lastKnownFileType = text.plist.xml; path = Info.plist; sourceTree = "<group>"; };
		25F6D0E6252188F700C922B3 /* Colors.swift */ = {isa = PBXFileReference; lastKnownFileType = sourcecode.swift; path = Colors.swift; sourceTree = "<group>"; };
		293DCF8261C24AE22EF81286 /* Pods_WishLisht.framework */ = {isa = PBXFileReference; explicitFileType = wrapper.framework; includeInIndex = 0; path = Pods_WishLisht.framework; sourceTree = BUILT_PRODUCTS_DIR; };
		3FAC2C93EDE6DF0173FDFAA2 /* Pods-WishLisht-WishLishtUITests.release.xcconfig */ = {isa = PBXFileReference; includeInIndex = 1; lastKnownFileType = text.xcconfig; name = "Pods-WishLisht-WishLishtUITests.release.xcconfig"; path = "Target Support Files/Pods-WishLisht-WishLishtUITests/Pods-WishLisht-WishLishtUITests.release.xcconfig"; sourceTree = "<group>"; };
		52FF8C05AA7D74E2467947D7 /* Pods-WishLisht.debug.xcconfig */ = {isa = PBXFileReference; includeInIndex = 1; lastKnownFileType = text.xcconfig; name = "Pods-WishLisht.debug.xcconfig"; path = "Target Support Files/Pods-WishLisht/Pods-WishLisht.debug.xcconfig"; sourceTree = "<group>"; };
		719F1CB5D1B3A48377236B15 /* Pods-WishLishtTests.release.xcconfig */ = {isa = PBXFileReference; includeInIndex = 1; lastKnownFileType = text.xcconfig; name = "Pods-WishLishtTests.release.xcconfig"; path = "Target Support Files/Pods-WishLishtTests/Pods-WishLishtTests.release.xcconfig"; sourceTree = "<group>"; };
		8E9D8B2EEB71E2D3F92D8D0F /* Pods-WishLisht.release.xcconfig */ = {isa = PBXFileReference; includeInIndex = 1; lastKnownFileType = text.xcconfig; name = "Pods-WishLisht.release.xcconfig"; path = "Target Support Files/Pods-WishLisht/Pods-WishLisht.release.xcconfig"; sourceTree = "<group>"; };
		967563AEE97AF87A722B6764 /* Pods_WishLisht_WishLishtUITests.framework */ = {isa = PBXFileReference; explicitFileType = wrapper.framework; includeInIndex = 0; path = Pods_WishLisht_WishLishtUITests.framework; sourceTree = BUILT_PRODUCTS_DIR; };
		C173C0F23C7D30666DE1C10D /* Pods-WishLisht-WishLishtUITests.debug.xcconfig */ = {isa = PBXFileReference; includeInIndex = 1; lastKnownFileType = text.xcconfig; name = "Pods-WishLisht-WishLishtUITests.debug.xcconfig"; path = "Target Support Files/Pods-WishLisht-WishLishtUITests/Pods-WishLisht-WishLishtUITests.debug.xcconfig"; sourceTree = "<group>"; };
		CF16DD48CDAD0EC367A7B7BE /* Pods_WishLishtTests.framework */ = {isa = PBXFileReference; explicitFileType = wrapper.framework; includeInIndex = 0; path = Pods_WishLishtTests.framework; sourceTree = BUILT_PRODUCTS_DIR; };
		E18999D02095D91B581B3E55 /* Pods-WishLishtTests.debug.xcconfig */ = {isa = PBXFileReference; includeInIndex = 1; lastKnownFileType = text.xcconfig; name = "Pods-WishLishtTests.debug.xcconfig"; path = "Target Support Files/Pods-WishLishtTests/Pods-WishLishtTests.debug.xcconfig"; sourceTree = "<group>"; };
/* End PBXFileReference section */

/* Begin PBXFrameworksBuildPhase section */
		25F6D0B2252186BF00C922B3 /* Frameworks */ = {
			isa = PBXFrameworksBuildPhase;
			buildActionMask = 2147483647;
			files = (
				3D9DBF15E2BF8DB00B24E358 /* Pods_WishLisht.framework in Frameworks */,
			);
			runOnlyForDeploymentPostprocessing = 0;
		};
		25F6D0C3252186C100C922B3 /* Frameworks */ = {
			isa = PBXFrameworksBuildPhase;
			buildActionMask = 2147483647;
			files = (
				563E06E27C5B63BDCA770583 /* Pods_WishLishtTests.framework in Frameworks */,
			);
			runOnlyForDeploymentPostprocessing = 0;
		};
		25F6D0CE252186C100C922B3 /* Frameworks */ = {
			isa = PBXFrameworksBuildPhase;
			buildActionMask = 2147483647;
			files = (
				E962CD16A6F5991B7E670BA3 /* Pods_WishLisht_WishLishtUITests.framework in Frameworks */,
			);
			runOnlyForDeploymentPostprocessing = 0;
		};
/* End PBXFrameworksBuildPhase section */

/* Begin PBXGroup section */
		2561E1252522665D00992979 /* Models */ = {
			isa = PBXGroup;
			children = (
				2561E1262522667700992979 /* User.swift */,
				2561E12E2522668900992979 /* JSONBin.swift */,
			);
			path = Models;
			sourceTree = "<group>";
		};
		25F2DC2125218FB8003274BE /* Fonts */ = {
			isa = PBXGroup;
			children = (
				25F2DC2725218FF8003274BE /* Montserrat-Regular.ttf */,
				25F2DC2225218FEA003274BE /* Hind-Regular.ttf */,
			);
			path = Fonts;
			sourceTree = "<group>";
		};
		25F2DC3125219677003274BE /* OnBoardingView */ = {
			isa = PBXGroup;
			children = (
				25F2DC332521969C003274BE /* OnBoardingView.swift */,
				25F2DC3225219686003274BE /* SubViews */,
			);
			path = OnBoardingView;
			sourceTree = "<group>";
		};
		25F2DC3225219686003274BE /* SubViews */ = {
			isa = PBXGroup;
			children = (
				25F2DC3825219790003274BE /* TextBoxUsername.swift */,
			);
			path = SubViews;
			sourceTree = "<group>";
		};
		25F6D0AC252186BF00C922B3 = {
			isa = PBXGroup;
			children = (
				25F2DC2125218FB8003274BE /* Fonts */,
				25F6D0B7252186BF00C922B3 /* WishLisht */,
				25F6D0C9252186C100C922B3 /* WishLishtTests */,
				25F6D0D4252186C100C922B3 /* WishLishtUITests */,
				25F6D0B6252186BF00C922B3 /* Products */,
				F50910B331F0D9BF60E47DEA /* Pods */,
				9B8DA4A24A04F32BC89332FA /* Frameworks */,
			);
			sourceTree = "<group>";
		};
		25F6D0B6252186BF00C922B3 /* Products */ = {
			isa = PBXGroup;
			children = (
				25F6D0B5252186BF00C922B3 /* WishLisht.app */,
				25F6D0C6252186C100C922B3 /* WishLishtTests.xctest */,
				25F6D0D1252186C100C922B3 /* WishLishtUITests.xctest */,
			);
			name = Products;
			sourceTree = "<group>";
		};
		25F6D0B7252186BF00C922B3 /* WishLisht */ = {
			isa = PBXGroup;
			children = (
				25F6D0B8252186BF00C922B3 /* WishLishtApp.swift */,
				25F6D0EB252188FC00C922B3 /* Views */,
				2561E1252522665D00992979 /* Models */,
				25F6D0BC252186C100C922B3 /* Assets.xcassets */,
				25F6D0C1252186C100C922B3 /* Info.plist */,
				25F6D0BE252186C100C922B3 /* Preview Content */,
			);
			path = WishLisht;
			sourceTree = "<group>";
		};
		25F6D0BE252186C100C922B3 /* Preview Content */ = {
			isa = PBXGroup;
			children = (
				25F6D0BF252186C100C922B3 /* Preview Assets.xcassets */,
			);
			path = "Preview Content";
			sourceTree = "<group>";
		};
		25F6D0C9252186C100C922B3 /* WishLishtTests */ = {
			isa = PBXGroup;
			children = (
				25F6D0CA252186C100C922B3 /* WishLishtTests.swift */,
				25F6D0CC252186C100C922B3 /* Info.plist */,
			);
			path = WishLishtTests;
			sourceTree = "<group>";
		};
		25F6D0D4252186C100C922B3 /* WishLishtUITests */ = {
			isa = PBXGroup;
			children = (
				25F6D0D5252186C100C922B3 /* WishLishtUITests.swift */,
				25F6D0D7252186C100C922B3 /* Info.plist */,
			);
			path = WishLishtUITests;
			sourceTree = "<group>";
		};
		25F6D0EB252188FC00C922B3 /* Views */ = {
			isa = PBXGroup;
			children = (
				25F6D0BA252186BF00C922B3 /* ContentView.swift */,
				25F2DC3125219677003274BE /* OnBoardingView */,
				25F6D0EC2521890300C922B3 /* CustomViews */,
			);
			path = Views;
			sourceTree = "<group>";
		};
		25F6D0EC2521890300C922B3 /* CustomViews */ = {
			isa = PBXGroup;
			children = (
				25F6D0E6252188F700C922B3 /* Colors.swift */,
				25F2DC2C252190B6003274BE /* CustomFonts.swift */,
			);
			path = CustomViews;
			sourceTree = "<group>";
		};
		9B8DA4A24A04F32BC89332FA /* Frameworks */ = {
			isa = PBXGroup;
			children = (
				293DCF8261C24AE22EF81286 /* Pods_WishLisht.framework */,
				967563AEE97AF87A722B6764 /* Pods_WishLisht_WishLishtUITests.framework */,
				CF16DD48CDAD0EC367A7B7BE /* Pods_WishLishtTests.framework */,
			);
			name = Frameworks;
			sourceTree = "<group>";
		};
		F50910B331F0D9BF60E47DEA /* Pods */ = {
			isa = PBXGroup;
			children = (
				52FF8C05AA7D74E2467947D7 /* Pods-WishLisht.debug.xcconfig */,
				8E9D8B2EEB71E2D3F92D8D0F /* Pods-WishLisht.release.xcconfig */,
				C173C0F23C7D30666DE1C10D /* Pods-WishLisht-WishLishtUITests.debug.xcconfig */,
				3FAC2C93EDE6DF0173FDFAA2 /* Pods-WishLisht-WishLishtUITests.release.xcconfig */,
				E18999D02095D91B581B3E55 /* Pods-WishLishtTests.debug.xcconfig */,
				719F1CB5D1B3A48377236B15 /* Pods-WishLishtTests.release.xcconfig */,
			);
			path = Pods;
			sourceTree = "<group>";
		};
/* End PBXGroup section */

/* Begin PBXNativeTarget section */
		25F6D0B4252186BF00C922B3 /* WishLisht */ = {
			isa = PBXNativeTarget;
			buildConfigurationList = 25F6D0DA252186C100C922B3 /* Build configuration list for PBXNativeTarget "WishLisht" */;
			buildPhases = (
				E354C4967F1F9511924E6C6A /* [CP] Check Pods Manifest.lock */,
				25F6D0B1252186BF00C922B3 /* Sources */,
				25F6D0B2252186BF00C922B3 /* Frameworks */,
				25F6D0B3252186BF00C922B3 /* Resources */,
				A9A1B5C9ECA25434A83FB870 /* [CP] Embed Pods Frameworks */,
			);
			buildRules = (
			);
			dependencies = (
			);
			name = WishLisht;
			productName = WishLisht;
			productReference = 25F6D0B5252186BF00C922B3 /* WishLisht.app */;
			productType = "com.apple.product-type.application";
		};
		25F6D0C5252186C100C922B3 /* WishLishtTests */ = {
			isa = PBXNativeTarget;
			buildConfigurationList = 25F6D0DD252186C100C922B3 /* Build configuration list for PBXNativeTarget "WishLishtTests" */;
			buildPhases = (
				45A83838C1C2A5995F5CB70D /* [CP] Check Pods Manifest.lock */,
				25F6D0C2252186C100C922B3 /* Sources */,
				25F6D0C3252186C100C922B3 /* Frameworks */,
				25F6D0C4252186C100C922B3 /* Resources */,
			);
			buildRules = (
			);
			dependencies = (
				25F6D0C8252186C100C922B3 /* PBXTargetDependency */,
			);
			name = WishLishtTests;
			productName = WishLishtTests;
			productReference = 25F6D0C6252186C100C922B3 /* WishLishtTests.xctest */;
			productType = "com.apple.product-type.bundle.unit-test";
		};
		25F6D0D0252186C100C922B3 /* WishLishtUITests */ = {
			isa = PBXNativeTarget;
			buildConfigurationList = 25F6D0E0252186C100C922B3 /* Build configuration list for PBXNativeTarget "WishLishtUITests" */;
			buildPhases = (
				37D4AADB3C4A76BDFA692078 /* [CP] Check Pods Manifest.lock */,
				25F6D0CD252186C100C922B3 /* Sources */,
				25F6D0CE252186C100C922B3 /* Frameworks */,
				25F6D0CF252186C100C922B3 /* Resources */,
				B4407EA23FA3691FC383D625 /* [CP] Embed Pods Frameworks */,
			);
			buildRules = (
			);
			dependencies = (
				25F6D0D3252186C100C922B3 /* PBXTargetDependency */,
			);
			name = WishLishtUITests;
			productName = WishLishtUITests;
			productReference = 25F6D0D1252186C100C922B3 /* WishLishtUITests.xctest */;
			productType = "com.apple.product-type.bundle.ui-testing";
		};
/* End PBXNativeTarget section */

/* Begin PBXProject section */
		25F6D0AD252186BF00C922B3 /* Project object */ = {
			isa = PBXProject;
			attributes = {
				LastSwiftUpdateCheck = 1200;
				LastUpgradeCheck = 1200;
				TargetAttributes = {
					25F6D0B4252186BF00C922B3 = {
						CreatedOnToolsVersion = 12.0.1;
					};
					25F6D0C5252186C100C922B3 = {
						CreatedOnToolsVersion = 12.0.1;
						TestTargetID = 25F6D0B4252186BF00C922B3;
					};
					25F6D0D0252186C100C922B3 = {
						CreatedOnToolsVersion = 12.0.1;
						TestTargetID = 25F6D0B4252186BF00C922B3;
					};
				};
			};
			buildConfigurationList = 25F6D0B0252186BF00C922B3 /* Build configuration list for PBXProject "WishLisht" */;
			compatibilityVersion = "Xcode 9.3";
			developmentRegion = en;
			hasScannedForEncodings = 0;
			knownRegions = (
				en,
				Base,
			);
			mainGroup = 25F6D0AC252186BF00C922B3;
			productRefGroup = 25F6D0B6252186BF00C922B3 /* Products */;
			projectDirPath = "";
			projectRoot = "";
			targets = (
				25F6D0B4252186BF00C922B3 /* WishLisht */,
				25F6D0C5252186C100C922B3 /* WishLishtTests */,
				25F6D0D0252186C100C922B3 /* WishLishtUITests */,
			);
		};
/* End PBXProject section */

/* Begin PBXResourcesBuildPhase section */
		25F6D0B3252186BF00C922B3 /* Resources */ = {
			isa = PBXResourcesBuildPhase;
			buildActionMask = 2147483647;
			files = (
				25F2DC2825218FF8003274BE /* Montserrat-Regular.ttf in Resources */,
				25F2DC2325218FEA003274BE /* Hind-Regular.ttf in Resources */,
				25F6D0C0252186C100C922B3 /* Preview Assets.xcassets in Resources */,
				25F6D0BD252186C100C922B3 /* Assets.xcassets in Resources */,
			);
			runOnlyForDeploymentPostprocessing = 0;
		};
		25F6D0C4252186C100C922B3 /* Resources */ = {
			isa = PBXResourcesBuildPhase;
			buildActionMask = 2147483647;
			files = (
			);
			runOnlyForDeploymentPostprocessing = 0;
		};
		25F6D0CF252186C100C922B3 /* Resources */ = {
			isa = PBXResourcesBuildPhase;
			buildActionMask = 2147483647;
			files = (
			);
			runOnlyForDeploymentPostprocessing = 0;
		};
/* End PBXResourcesBuildPhase section */

/* Begin PBXShellScriptBuildPhase section */
		37D4AADB3C4A76BDFA692078 /* [CP] Check Pods Manifest.lock */ = {
			isa = PBXShellScriptBuildPhase;
			buildActionMask = 2147483647;
			files = (
			);
			inputFileListPaths = (
			);
			inputPaths = (
				"${PODS_PODFILE_DIR_PATH}/Podfile.lock",
				"${PODS_ROOT}/Manifest.lock",
			);
			name = "[CP] Check Pods Manifest.lock";
			outputFileListPaths = (
			);
			outputPaths = (
				"$(DERIVED_FILE_DIR)/Pods-WishLisht-WishLishtUITests-checkManifestLockResult.txt",
			);
			runOnlyForDeploymentPostprocessing = 0;
			shellPath = /bin/sh;
			shellScript = "diff \"${PODS_PODFILE_DIR_PATH}/Podfile.lock\" \"${PODS_ROOT}/Manifest.lock\" > /dev/null\nif [ $? != 0 ] ; then\n    # print error to STDERR\n    echo \"error: The sandbox is not in sync with the Podfile.lock. Run 'pod install' or update your CocoaPods installation.\" >&2\n    exit 1\nfi\n# This output is used by Xcode 'outputs' to avoid re-running this script phase.\necho \"SUCCESS\" > \"${SCRIPT_OUTPUT_FILE_0}\"\n";
			showEnvVarsInLog = 0;
		};
		45A83838C1C2A5995F5CB70D /* [CP] Check Pods Manifest.lock */ = {
			isa = PBXShellScriptBuildPhase;
			buildActionMask = 2147483647;
			files = (
			);
			inputFileListPaths = (
			);
			inputPaths = (
				"${PODS_PODFILE_DIR_PATH}/Podfile.lock",
				"${PODS_ROOT}/Manifest.lock",
			);
			name = "[CP] Check Pods Manifest.lock";
			outputFileListPaths = (
			);
			outputPaths = (
				"$(DERIVED_FILE_DIR)/Pods-WishLishtTests-checkManifestLockResult.txt",
			);
			runOnlyForDeploymentPostprocessing = 0;
			shellPath = /bin/sh;
			shellScript = "diff \"${PODS_PODFILE_DIR_PATH}/Podfile.lock\" \"${PODS_ROOT}/Manifest.lock\" > /dev/null\nif [ $? != 0 ] ; then\n    # print error to STDERR\n    echo \"error: The sandbox is not in sync with the Podfile.lock. Run 'pod install' or update your CocoaPods installation.\" >&2\n    exit 1\nfi\n# This output is used by Xcode 'outputs' to avoid re-running this script phase.\necho \"SUCCESS\" > \"${SCRIPT_OUTPUT_FILE_0}\"\n";
			showEnvVarsInLog = 0;
		};
		A9A1B5C9ECA25434A83FB870 /* [CP] Embed Pods Frameworks */ = {
			isa = PBXShellScriptBuildPhase;
			buildActionMask = 2147483647;
			files = (
			);
			inputFileListPaths = (
				"${PODS_ROOT}/Target Support Files/Pods-WishLisht/Pods-WishLisht-frameworks-${CONFIGURATION}-input-files.xcfilelist",
			);
			name = "[CP] Embed Pods Frameworks";
			outputFileListPaths = (
				"${PODS_ROOT}/Target Support Files/Pods-WishLisht/Pods-WishLisht-frameworks-${CONFIGURATION}-output-files.xcfilelist",
			);
			runOnlyForDeploymentPostprocessing = 0;
			shellPath = /bin/sh;
			shellScript = "\"${PODS_ROOT}/Target Support Files/Pods-WishLisht/Pods-WishLisht-frameworks.sh\"\n";
			showEnvVarsInLog = 0;
		};
		B4407EA23FA3691FC383D625 /* [CP] Embed Pods Frameworks */ = {
			isa = PBXShellScriptBuildPhase;
			buildActionMask = 2147483647;
			files = (
			);
			inputFileListPaths = (
				"${PODS_ROOT}/Target Support Files/Pods-WishLisht-WishLishtUITests/Pods-WishLisht-WishLishtUITests-frameworks-${CONFIGURATION}-input-files.xcfilelist",
			);
			name = "[CP] Embed Pods Frameworks";
			outputFileListPaths = (
				"${PODS_ROOT}/Target Support Files/Pods-WishLisht-WishLishtUITests/Pods-WishLisht-WishLishtUITests-frameworks-${CONFIGURATION}-output-files.xcfilelist",
			);
			runOnlyForDeploymentPostprocessing = 0;
			shellPath = /bin/sh;
			shellScript = "\"${PODS_ROOT}/Target Support Files/Pods-WishLisht-WishLishtUITests/Pods-WishLisht-WishLishtUITests-frameworks.sh\"\n";
			showEnvVarsInLog = 0;
		};
		E354C4967F1F9511924E6C6A /* [CP] Check Pods Manifest.lock */ = {
			isa = PBXShellScriptBuildPhase;
			buildActionMask = 2147483647;
			files = (
			);
			inputFileListPaths = (
			);
			inputPaths = (
				"${PODS_PODFILE_DIR_PATH}/Podfile.lock",
				"${PODS_ROOT}/Manifest.lock",
			);
			name = "[CP] Check Pods Manifest.lock";
			outputFileListPaths = (
			);
			outputPaths = (
				"$(DERIVED_FILE_DIR)/Pods-WishLisht-checkManifestLockResult.txt",
			);
			runOnlyForDeploymentPostprocessing = 0;
			shellPath = /bin/sh;
			shellScript = "diff \"${PODS_PODFILE_DIR_PATH}/Podfile.lock\" \"${PODS_ROOT}/Manifest.lock\" > /dev/null\nif [ $? != 0 ] ; then\n    # print error to STDERR\n    echo \"error: The sandbox is not in sync with the Podfile.lock. Run 'pod install' or update your CocoaPods installation.\" >&2\n    exit 1\nfi\n# This output is used by Xcode 'outputs' to avoid re-running this script phase.\necho \"SUCCESS\" > \"${SCRIPT_OUTPUT_FILE_0}\"\n";
			showEnvVarsInLog = 0;
		};
/* End PBXShellScriptBuildPhase section */

/* Begin PBXSourcesBuildPhase section */
		25F6D0B1252186BF00C922B3 /* Sources */ = {
			isa = PBXSourcesBuildPhase;
			buildActionMask = 2147483647;
			files = (
				25F6D0BB252186BF00C922B3 /* ContentView.swift in Sources */,
				25F2DC2D252190B6003274BE /* CustomFonts.swift in Sources */,
				25F2DC3925219790003274BE /* TextBoxUsername.swift in Sources */,
				2561E12F2522668900992979 /* JSONBin.swift in Sources */,
				25F6D0E7252188F700C922B3 /* Colors.swift in Sources */,
				25F2DC342521969C003274BE /* OnBoardingView.swift in Sources */,
				25F6D0B9252186BF00C922B3 /* WishLishtApp.swift in Sources */,
				2561E1272522667700992979 /* User.swift in Sources */,
			);
			runOnlyForDeploymentPostprocessing = 0;
		};
		25F6D0C2252186C100C922B3 /* Sources */ = {
			isa = PBXSourcesBuildPhase;
			buildActionMask = 2147483647;
			files = (
				25F6D0CB252186C100C922B3 /* WishLishtTests.swift in Sources */,
			);
			runOnlyForDeploymentPostprocessing = 0;
		};
		25F6D0CD252186C100C922B3 /* Sources */ = {
			isa = PBXSourcesBuildPhase;
			buildActionMask = 2147483647;
			files = (
				25F6D0D6252186C100C922B3 /* WishLishtUITests.swift in Sources */,
			);
			runOnlyForDeploymentPostprocessing = 0;
		};
/* End PBXSourcesBuildPhase section */

/* Begin PBXTargetDependency section */
		25F6D0C8252186C100C922B3 /* PBXTargetDependency */ = {
			isa = PBXTargetDependency;
			target = 25F6D0B4252186BF00C922B3 /* WishLisht */;
			targetProxy = 25F6D0C7252186C100C922B3 /* PBXContainerItemProxy */;
		};
		25F6D0D3252186C100C922B3 /* PBXTargetDependency */ = {
			isa = PBXTargetDependency;
			target = 25F6D0B4252186BF00C922B3 /* WishLisht */;
			targetProxy = 25F6D0D2252186C100C922B3 /* PBXContainerItemProxy */;
		};
/* End PBXTargetDependency section */

/* Begin XCBuildConfiguration section */
		25F6D0D8252186C100C922B3 /* Debug */ = {
			isa = XCBuildConfiguration;
			buildSettings = {
				ALWAYS_SEARCH_USER_PATHS = NO;
				CLANG_ANALYZER_NONNULL = YES;
				CLANG_ANALYZER_NUMBER_OBJECT_CONVERSION = YES_AGGRESSIVE;
				CLANG_CXX_LANGUAGE_STANDARD = "gnu++14";
				CLANG_CXX_LIBRARY = "libc++";
				CLANG_ENABLE_MODULES = YES;
				CLANG_ENABLE_OBJC_ARC = YES;
				CLANG_ENABLE_OBJC_WEAK = YES;
				CLANG_WARN_BLOCK_CAPTURE_AUTORELEASING = YES;
				CLANG_WARN_BOOL_CONVERSION = YES;
				CLANG_WARN_COMMA = YES;
				CLANG_WARN_CONSTANT_CONVERSION = YES;
				CLANG_WARN_DEPRECATED_OBJC_IMPLEMENTATIONS = YES;
				CLANG_WARN_DIRECT_OBJC_ISA_USAGE = YES_ERROR;
				CLANG_WARN_DOCUMENTATION_COMMENTS = YES;
				CLANG_WARN_EMPTY_BODY = YES;
				CLANG_WARN_ENUM_CONVERSION = YES;
				CLANG_WARN_INFINITE_RECURSION = YES;
				CLANG_WARN_INT_CONVERSION = YES;
				CLANG_WARN_NON_LITERAL_NULL_CONVERSION = YES;
				CLANG_WARN_OBJC_IMPLICIT_RETAIN_SELF = YES;
				CLANG_WARN_OBJC_LITERAL_CONVERSION = YES;
				CLANG_WARN_OBJC_ROOT_CLASS = YES_ERROR;
				CLANG_WARN_QUOTED_INCLUDE_IN_FRAMEWORK_HEADER = YES;
				CLANG_WARN_RANGE_LOOP_ANALYSIS = YES;
				CLANG_WARN_STRICT_PROTOTYPES = YES;
				CLANG_WARN_SUSPICIOUS_MOVE = YES;
				CLANG_WARN_UNGUARDED_AVAILABILITY = YES_AGGRESSIVE;
				CLANG_WARN_UNREACHABLE_CODE = YES;
				CLANG_WARN__DUPLICATE_METHOD_MATCH = YES;
				COPY_PHASE_STRIP = NO;
				DEBUG_INFORMATION_FORMAT = dwarf;
				ENABLE_STRICT_OBJC_MSGSEND = YES;
				ENABLE_TESTABILITY = YES;
				GCC_C_LANGUAGE_STANDARD = gnu11;
				GCC_DYNAMIC_NO_PIC = NO;
				GCC_NO_COMMON_BLOCKS = YES;
				GCC_OPTIMIZATION_LEVEL = 0;
				GCC_PREPROCESSOR_DEFINITIONS = (
					"DEBUG=1",
					"$(inherited)",
				);
				GCC_WARN_64_TO_32_BIT_CONVERSION = YES;
				GCC_WARN_ABOUT_RETURN_TYPE = YES_ERROR;
				GCC_WARN_UNDECLARED_SELECTOR = YES;
				GCC_WARN_UNINITIALIZED_AUTOS = YES_AGGRESSIVE;
				GCC_WARN_UNUSED_FUNCTION = YES;
				GCC_WARN_UNUSED_VARIABLE = YES;
				IPHONEOS_DEPLOYMENT_TARGET = 14.0;
				MTL_ENABLE_DEBUG_INFO = INCLUDE_SOURCE;
				MTL_FAST_MATH = YES;
				ONLY_ACTIVE_ARCH = YES;
				SDKROOT = iphoneos;
				SWIFT_ACTIVE_COMPILATION_CONDITIONS = DEBUG;
				SWIFT_OPTIMIZATION_LEVEL = "-Onone";
			};
			name = Debug;
		};
		25F6D0D9252186C100C922B3 /* Release */ = {
			isa = XCBuildConfiguration;
			buildSettings = {
				ALWAYS_SEARCH_USER_PATHS = NO;
				CLANG_ANALYZER_NONNULL = YES;
				CLANG_ANALYZER_NUMBER_OBJECT_CONVERSION = YES_AGGRESSIVE;
				CLANG_CXX_LANGUAGE_STANDARD = "gnu++14";
				CLANG_CXX_LIBRARY = "libc++";
				CLANG_ENABLE_MODULES = YES;
				CLANG_ENABLE_OBJC_ARC = YES;
				CLANG_ENABLE_OBJC_WEAK = YES;
				CLANG_WARN_BLOCK_CAPTURE_AUTORELEASING = YES;
				CLANG_WARN_BOOL_CONVERSION = YES;
				CLANG_WARN_COMMA = YES;
				CLANG_WARN_CONSTANT_CONVERSION = YES;
				CLANG_WARN_DEPRECATED_OBJC_IMPLEMENTATIONS = YES;
				CLANG_WARN_DIRECT_OBJC_ISA_USAGE = YES_ERROR;
				CLANG_WARN_DOCUMENTATION_COMMENTS = YES;
				CLANG_WARN_EMPTY_BODY = YES;
				CLANG_WARN_ENUM_CONVERSION = YES;
				CLANG_WARN_INFINITE_RECURSION = YES;
				CLANG_WARN_INT_CONVERSION = YES;
				CLANG_WARN_NON_LITERAL_NULL_CONVERSION = YES;
				CLANG_WARN_OBJC_IMPLICIT_RETAIN_SELF = YES;
				CLANG_WARN_OBJC_LITERAL_CONVERSION = YES;
				CLANG_WARN_OBJC_ROOT_CLASS = YES_ERROR;
				CLANG_WARN_QUOTED_INCLUDE_IN_FRAMEWORK_HEADER = YES;
				CLANG_WARN_RANGE_LOOP_ANALYSIS = YES;
				CLANG_WARN_STRICT_PROTOTYPES = YES;
				CLANG_WARN_SUSPICIOUS_MOVE = YES;
				CLANG_WARN_UNGUARDED_AVAILABILITY = YES_AGGRESSIVE;
				CLANG_WARN_UNREACHABLE_CODE = YES;
				CLANG_WARN__DUPLICATE_METHOD_MATCH = YES;
				COPY_PHASE_STRIP = NO;
				DEBUG_INFORMATION_FORMAT = "dwarf-with-dsym";
				ENABLE_NS_ASSERTIONS = NO;
				ENABLE_STRICT_OBJC_MSGSEND = YES;
				GCC_C_LANGUAGE_STANDARD = gnu11;
				GCC_NO_COMMON_BLOCKS = YES;
				GCC_WARN_64_TO_32_BIT_CONVERSION = YES;
				GCC_WARN_ABOUT_RETURN_TYPE = YES_ERROR;
				GCC_WARN_UNDECLARED_SELECTOR = YES;
				GCC_WARN_UNINITIALIZED_AUTOS = YES_AGGRESSIVE;
				GCC_WARN_UNUSED_FUNCTION = YES;
				GCC_WARN_UNUSED_VARIABLE = YES;
				IPHONEOS_DEPLOYMENT_TARGET = 14.0;
				MTL_ENABLE_DEBUG_INFO = NO;
				MTL_FAST_MATH = YES;
				SDKROOT = iphoneos;
				SWIFT_COMPILATION_MODE = wholemodule;
				SWIFT_OPTIMIZATION_LEVEL = "-O";
				VALIDATE_PRODUCT = YES;
			};
			name = Release;
		};
		25F6D0DB252186C100C922B3 /* Debug */ = {
			isa = XCBuildConfiguration;
			baseConfigurationReference = 52FF8C05AA7D74E2467947D7 /* Pods-WishLisht.debug.xcconfig */;
			buildSettings = {
				ASSETCATALOG_COMPILER_APPICON_NAME = AppIcon;
				ASSETCATALOG_COMPILER_GLOBAL_ACCENT_COLOR_NAME = AccentColor;
				CODE_SIGN_STYLE = Automatic;
				DEVELOPMENT_ASSET_PATHS = "\"WishLisht/Preview Content\"";
				DEVELOPMENT_TEAM = 5AJ5NZESYF;
				ENABLE_PREVIEWS = YES;
				INFOPLIST_FILE = WishLisht/Info.plist;
				IPHONEOS_DEPLOYMENT_TARGET = 14.0;
				LD_RUNPATH_SEARCH_PATHS = (
					"$(inherited)",
					"@executable_path/Frameworks",
				);
				PRODUCT_BUNDLE_IDENTIFIER = honeykom.WishLisht;
				PRODUCT_NAME = "$(TARGET_NAME)";
				SWIFT_VERSION = 5.0;
				TARGETED_DEVICE_FAMILY = "1,2";
			};
			name = Debug;
		};
		25F6D0DC252186C100C922B3 /* Release */ = {
			isa = XCBuildConfiguration;
			baseConfigurationReference = 8E9D8B2EEB71E2D3F92D8D0F /* Pods-WishLisht.release.xcconfig */;
			buildSettings = {
				ASSETCATALOG_COMPILER_APPICON_NAME = AppIcon;
				ASSETCATALOG_COMPILER_GLOBAL_ACCENT_COLOR_NAME = AccentColor;
				CODE_SIGN_STYLE = Automatic;
				DEVELOPMENT_ASSET_PATHS = "\"WishLisht/Preview Content\"";
				DEVELOPMENT_TEAM = 5AJ5NZESYF;
				ENABLE_PREVIEWS = YES;
				INFOPLIST_FILE = WishLisht/Info.plist;
				IPHONEOS_DEPLOYMENT_TARGET = 14.0;
				LD_RUNPATH_SEARCH_PATHS = (
					"$(inherited)",
					"@executable_path/Frameworks",
				);
				PRODUCT_BUNDLE_IDENTIFIER = honeykom.WishLisht;
				PRODUCT_NAME = "$(TARGET_NAME)";
				SWIFT_VERSION = 5.0;
				TARGETED_DEVICE_FAMILY = "1,2";
			};
			name = Release;
		};
		25F6D0DE252186C100C922B3 /* Debug */ = {
			isa = XCBuildConfiguration;
			baseConfigurationReference = E18999D02095D91B581B3E55 /* Pods-WishLishtTests.debug.xcconfig */;
			buildSettings = {
				ALWAYS_EMBED_SWIFT_STANDARD_LIBRARIES = YES;
				BUNDLE_LOADER = "$(TEST_HOST)";
				CODE_SIGN_STYLE = Automatic;
				DEVELOPMENT_TEAM = 5AJ5NZESYF;
				INFOPLIST_FILE = WishLishtTests/Info.plist;
				IPHONEOS_DEPLOYMENT_TARGET = 14.0;
				LD_RUNPATH_SEARCH_PATHS = (
					"$(inherited)",
					"@executable_path/Frameworks",
					"@loader_path/Frameworks",
				);
				PRODUCT_BUNDLE_IDENTIFIER = honeykom.WishLishtTests;
				PRODUCT_NAME = "$(TARGET_NAME)";
				SWIFT_VERSION = 5.0;
				TARGETED_DEVICE_FAMILY = "1,2";
				TEST_HOST = "$(BUILT_PRODUCTS_DIR)/WishLisht.app/WishLisht";
			};
			name = Debug;
		};
		25F6D0DF252186C100C922B3 /* Release */ = {
			isa = XCBuildConfiguration;
			baseConfigurationReference = 719F1CB5D1B3A48377236B15 /* Pods-WishLishtTests.release.xcconfig */;
			buildSettings = {
				ALWAYS_EMBED_SWIFT_STANDARD_LIBRARIES = YES;
				BUNDLE_LOADER = "$(TEST_HOST)";
				CODE_SIGN_STYLE = Automatic;
				DEVELOPMENT_TEAM = 5AJ5NZESYF;
				INFOPLIST_FILE = WishLishtTests/Info.plist;
				IPHONEOS_DEPLOYMENT_TARGET = 14.0;
				LD_RUNPATH_SEARCH_PATHS = (
					"$(inherited)",
					"@executable_path/Frameworks",
					"@loader_path/Frameworks",
				);
				PRODUCT_BUNDLE_IDENTIFIER = honeykom.WishLishtTests;
				PRODUCT_NAME = "$(TARGET_NAME)";
				SWIFT_VERSION = 5.0;
				TARGETED_DEVICE_FAMILY = "1,2";
				TEST_HOST = "$(BUILT_PRODUCTS_DIR)/WishLisht.app/WishLisht";
			};
			name = Release;
		};
		25F6D0E1252186C100C922B3 /* Debug */ = {
			isa = XCBuildConfiguration;
			baseConfigurationReference = C173C0F23C7D30666DE1C10D /* Pods-WishLisht-WishLishtUITests.debug.xcconfig */;
			buildSettings = {
				ALWAYS_EMBED_SWIFT_STANDARD_LIBRARIES = YES;
				CODE_SIGN_STYLE = Automatic;
				DEVELOPMENT_TEAM = 5AJ5NZESYF;
				INFOPLIST_FILE = WishLishtUITests/Info.plist;
				LD_RUNPATH_SEARCH_PATHS = (
					"$(inherited)",
					"@executable_path/Frameworks",
					"@loader_path/Frameworks",
				);
				PRODUCT_BUNDLE_IDENTIFIER = honeykom.WishLishtUITests;
				PRODUCT_NAME = "$(TARGET_NAME)";
				SWIFT_VERSION = 5.0;
				TARGETED_DEVICE_FAMILY = "1,2";
				TEST_TARGET_NAME = WishLisht;
			};
			name = Debug;
		};
		25F6D0E2252186C100C922B3 /* Release */ = {
			isa = XCBuildConfiguration;
			baseConfigurationReference = 3FAC2C93EDE6DF0173FDFAA2 /* Pods-WishLisht-WishLishtUITests.release.xcconfig */;
			buildSettings = {
				ALWAYS_EMBED_SWIFT_STANDARD_LIBRARIES = YES;
				CODE_SIGN_STYLE = Automatic;
				DEVELOPMENT_TEAM = 5AJ5NZESYF;
				INFOPLIST_FILE = WishLishtUITests/Info.plist;
				LD_RUNPATH_SEARCH_PATHS = (
					"$(inherited)",
					"@executable_path/Frameworks",
					"@loader_path/Frameworks",
				);
				PRODUCT_BUNDLE_IDENTIFIER = honeykom.WishLishtUITests;
				PRODUCT_NAME = "$(TARGET_NAME)";
				SWIFT_VERSION = 5.0;
				TARGETED_DEVICE_FAMILY = "1,2";
				TEST_TARGET_NAME = WishLisht;
			};
			name = Release;
		};
/* End XCBuildConfiguration section */

/* Begin XCConfigurationList section */
		25F6D0B0252186BF00C922B3 /* Build configuration list for PBXProject "WishLisht" */ = {
			isa = XCConfigurationList;
			buildConfigurations = (
				25F6D0D8252186C100C922B3 /* Debug */,
				25F6D0D9252186C100C922B3 /* Release */,
			);
			defaultConfigurationIsVisible = 0;
			defaultConfigurationName = Release;
		};
		25F6D0DA252186C100C922B3 /* Build configuration list for PBXNativeTarget "WishLisht" */ = {
			isa = XCConfigurationList;
			buildConfigurations = (
				25F6D0DB252186C100C922B3 /* Debug */,
				25F6D0DC252186C100C922B3 /* Release */,
			);
			defaultConfigurationIsVisible = 0;
			defaultConfigurationName = Release;
		};
		25F6D0DD252186C100C922B3 /* Build configuration list for PBXNativeTarget "WishLishtTests" */ = {
			isa = XCConfigurationList;
			buildConfigurations = (
				25F6D0DE252186C100C922B3 /* Debug */,
				25F6D0DF252186C100C922B3 /* Release */,
			);
			defaultConfigurationIsVisible = 0;
			defaultConfigurationName = Release;
		};
		25F6D0E0252186C100C922B3 /* Build configuration list for PBXNativeTarget "WishLishtUITests" */ = {
			isa = XCConfigurationList;
			buildConfigurations = (
				25F6D0E1252186C100C922B3 /* Debug */,
				25F6D0E2252186C100C922B3 /* Release */,
			);
			defaultConfigurationIsVisible = 0;
			defaultConfigurationName = Release;
		};
/* End XCConfigurationList section */
	};
	rootObject = 25F6D0AD252186BF00C922B3 /* Project object */;
}
